
Microsoft Visual Studio Solution File, Format Version 12.00
# Visual Studio Version 16
VisualStudioVersion = 16.0.31424.327
MinimumVisualStudioVersion = 10.0.40219.1
Project("{FAE04EC0-301F-11D3-BF4B-00C04F79EFBC}") = "BlazorAuthWasm.Server", "Server\BlazorAuthWasm.Server.csproj", "{636BE4E1-31D5-4349-858B-99E10546B62B}"
EndProject
Project("{FAE04EC0-301F-11D3-BF4B-00C04F79EFBC}") = "BlazorAuthWasm.Client", "Client\BlazorAuthWasm.Client.csproj", "{CC2E26D5-B4C5-4A43-839B-791AF5AF0AD2}"
EndProject
Project("{FAE04EC0-301F-11D3-BF4B-00C04F79EFBC}") = "BlazorAuthWasm.Shared", "Shared\BlazorAuthWasm.Shared.csproj", "{5D7DBECC-F15A-4637-8E12-DECB37C2E906}"
EndProject
Global
	GlobalSection(SolutionConfigurationPlatforms) = preSolution
		Debug|Any CPU = Debug|Any CPU
		Release|Any CPU = Release|Any CPU
	EndGlobalSection
	GlobalSection(ProjectConfigurationPlatforms) = postSolution
		{636BE4E1-31D5-4349-858B-99E10546B62B}.Debug|Any CPU.ActiveCfg = Debug|Any CPU
		{636BE4E1-31D5-4349-858B-99E10546B62B}.Debug|Any CPU.Build.0 = Debug|Any CPU
		{636BE4E1-31D5-4349-858B-99E10546B62B}.Release|Any CPU.ActiveCfg = Release|Any CPU
		{636BE4E1-31D5-4349-858B-99E10546B62B}.Release|Any CPU.Build.0 = Release|Any CPU
		{CC2E26D5-B4C5-4A43-839B-791AF5AF0AD2}.Debug|Any CPU.ActiveCfg = Debug|Any CPU
		{CC2E26D5-B4C5-4A43-839B-791AF5AF0AD2}.Debug|Any CPU.Build.0 = Debug|Any CPU
		{CC2E26D5-B4C5-4A43-839B-791AF5AF0AD2}.Release|Any CPU.ActiveCfg = Release|Any CPU
		{CC2E26D5-B4C5-4A43-839B-791AF5AF0AD2}.Release|Any CPU.Build.0 = Release|Any CPU
		{5D7DBECC-F15A-4637-8E12-DECB37C2E906}.Debug|Any CPU.ActiveCfg = Debug|Any CPU
		{5D7DBECC-F15A-4637-8E12-DECB37C2E906}.Debug|Any CPU.Build.0 = Debug|Any CPU
		{5D7DBECC-F15A-4637-8E12-DECB37C2E906}.Release|Any CPU.ActiveCfg = Release|Any CPU
		{5D7DBECC-F15A-4637-8E12-DECB37C2E906}.Release|Any CPU.Build.0 = Release|Any CPU
	EndGlobalSection
	GlobalSection(SolutionProperties) = preSolution
		HideSolutionNode = FALSE
	EndGlobalSection
	GlobalSection(ExtensibilityGlobals) = postSolution
		SolutionGuid = {2A654ADE-7E29-4E26-8B8F-C432E69FF033}
	EndGlobalSection
EndGlobal
